{
  "requires": true,
  "lockfileVersion": 1,
  "dependencies": {
    "mdb-ui-kit": {
      "version": "3.10.1",
      "resolved": "https://registry.npmjs.org/mdb-ui-kit/-/mdb-ui-kit-3.10.1.tgz",
      "integrity": "sha512-9L/GvW5DfiD9EbsvPgW9lDigPvp5eD0yWScKHkrJ89imRG6PyjAl9Huq/XwJz46LdG6ppBwtvaQ4zk8p5ljWxg=="
    }
  }
}
